
Microsoft Visual Studio Solution File, Format Version 12.00
# Visual Studio 2012
Project("{CC5FD16D-436D-48AD-A40C-5A424C6E3E79}") = "XSockets.Azure.Service", "XSockets.Azure.Service\XSockets.Azure.Service.ccproj", "{56DC9E6C-D40D-4A9E-808A-3ADE99315FE6}"
EndProject
Project("{FAE04EC0-301F-11D3-BF4B-00C04F79EFBC}") = "XSockets.WorkerRole", "XSockets.WorkerRole\XSockets.WorkerRole.csproj", "{577D0B0F-84CF-4102-A525-1E977DFE113A}"
EndProject
Project("{FAE04EC0-301F-11D3-BF4B-00C04F79EFBC}") = "XSockets.Azure.Service.Controllers", "XSockets.Azure.Service.Controllers\XSockets.Azure.Service.Controllers.csproj", "{A13510D1-0A9D-461B-B7D2-8853560BC95B}"
EndProject
Global
	GlobalSection(SolutionConfigurationPlatforms) = preSolution
		Debug|Any CPU = Debug|Any CPU
		Release|Any CPU = Release|Any CPU
	EndGlobalSection
	GlobalSection(ProjectConfigurationPlatforms) = postSolution
		{56DC9E6C-D40D-4A9E-808A-3ADE99315FE6}.Debug|Any CPU.ActiveCfg = Debug|Any CPU
		{56DC9E6C-D40D-4A9E-808A-3ADE99315FE6}.Debug|Any CPU.Build.0 = Debug|Any CPU
		{56DC9E6C-D40D-4A9E-808A-3ADE99315FE6}.Release|Any CPU.ActiveCfg = Release|Any CPU
		{56DC9E6C-D40D-4A9E-808A-3ADE99315FE6}.Release|Any CPU.Build.0 = Release|Any CPU
		{577D0B0F-84CF-4102-A525-1E977DFE113A}.Debug|Any CPU.ActiveCfg = Debug|Any CPU
		{577D0B0F-84CF-4102-A525-1E977DFE113A}.Debug|Any CPU.Build.0 = Debug|Any CPU
		{577D0B0F-84CF-4102-A525-1E977DFE113A}.Release|Any CPU.ActiveCfg = Release|Any CPU
		{577D0B0F-84CF-4102-A525-1E977DFE113A}.Release|Any CPU.Build.0 = Release|Any CPU
		{A13510D1-0A9D-461B-B7D2-8853560BC95B}.Debug|Any CPU.ActiveCfg = Debug|Any CPU
		{A13510D1-0A9D-461B-B7D2-8853560BC95B}.Debug|Any CPU.Build.0 = Debug|Any CPU
		{A13510D1-0A9D-461B-B7D2-8853560BC95B}.Release|Any CPU.ActiveCfg = Release|Any CPU
		{A13510D1-0A9D-461B-B7D2-8853560BC95B}.Release|Any CPU.Build.0 = Release|Any CPU
	EndGlobalSection
	GlobalSection(SolutionProperties) = preSolution
		HideSolutionNode = FALSE
	EndGlobalSection
EndGlobal
